
Microsoft Visual Studio Solution File, Format Version 12.00
# Visual Studio 15
Project("{FAE04EC0-301F-11D3-BF4B-00C04F79EFBC}") = "Assembly-CSharp", "Assembly-CSharp.csproj", "{2F025F64-3AB2-3781-D70B-1A8453EAE78A}"
EndProject
Project("{FAE04EC0-301F-11D3-BF4B-00C04F79EFBC}") = "Assembly-CSharp-Editor", "Assembly-CSharp-Editor.csproj", "{491C88F9-A733-9E63-7490-58500B332CC5}"
EndProject
Global
	GlobalSection(SolutionConfigurationPlatforms) = preSolution
		Debug|Any CPU = Debug|Any CPU
		Release|Any CPU = Release|Any CPU
	EndGlobalSection
	GlobalSection(ProjectConfigurationPlatforms) = postSolution
		{2F025F64-3AB2-3781-D70B-1A8453EAE78A}.Debug|Any CPU.ActiveCfg = Debug|Any CPU
		{2F025F64-3AB2-3781-D70B-1A8453EAE78A}.Debug|Any CPU.Build.0 = Debug|Any CPU
		{2F025F64-3AB2-3781-D70B-1A8453EAE78A}.Release|Any CPU.ActiveCfg = Release|Any CPU
		{2F025F64-3AB2-3781-D70B-1A8453EAE78A}.Release|Any CPU.Build.0 = Release|Any CPU
		{491C88F9-A733-9E63-7490-58500B332CC5}.Debug|Any CPU.ActiveCfg = Debug|Any CPU
		{491C88F9-A733-9E63-7490-58500B332CC5}.Debug|Any CPU.Build.0 = Debug|Any CPU
		{491C88F9-A733-9E63-7490-58500B332CC5}.Release|Any CPU.ActiveCfg = Release|Any CPU
		{491C88F9-A733-9E63-7490-58500B332CC5}.Release|Any CPU.Build.0 = Release|Any CPU
	EndGlobalSection
	GlobalSection(SolutionProperties) = preSolution
		HideSolutionNode = FALSE
	EndGlobalSection
EndGlobal
